
Microsoft Visual Studio Solution File, Format Version 12.00
# Visual Studio Version 16
VisualStudioVersion = 16.0.29215.179
MinimumVisualStudioVersion = 10.0.40219.1
Project("{888888A0-9F3D-457C-B088-3A5042F75D52}") = "Practice1", "Practice1\Practice1.pyproj", "{21DAE5D1-5F78-435E-B650-2C5E20840277}"
EndProject
Global
	GlobalSection(SolutionConfigurationPlatforms) = preSolution
		Debug|Any CPU = Debug|Any CPU
		Release|Any CPU = Release|Any CPU
	EndGlobalSection
	GlobalSection(ProjectConfigurationPlatforms) = postSolution
		{21DAE5D1-5F78-435E-B650-2C5E20840277}.Debug|Any CPU.ActiveCfg = Debug|Any CPU
		{21DAE5D1-5F78-435E-B650-2C5E20840277}.Release|Any CPU.ActiveCfg = Release|Any CPU
	EndGlobalSection
	GlobalSection(SolutionProperties) = preSolution
		HideSolutionNode = FALSE
	EndGlobalSection
	GlobalSection(ExtensibilityGlobals) = postSolution
		SolutionGuid = {7A7F25D3-18A1-428E-92ED-09015AE80698}
	EndGlobalSection
EndGlobal
